
Microsoft Visual Studio Solution File, Format Version 12.00
# Visual Studio Version 16
VisualStudioVersion = 16.0.32407.337
MinimumVisualStudioVersion = 10.0.40219.1
Project("{FAE04EC0-301F-11D3-BF4B-00C04F79EFBC}") = "OtelHoca.UI", "OtelHoca.UI\OtelHoca.UI.csproj", "{75372585-1A24-4281-AF6B-2B5A639B9269}"
EndProject
Global
	GlobalSection(SolutionConfigurationPlatforms) = preSolution
		Debug|Any CPU = Debug|Any CPU
		Release|Any CPU = Release|Any CPU
	EndGlobalSection
	GlobalSection(ProjectConfigurationPlatforms) = postSolution
		{75372585-1A24-4281-AF6B-2B5A639B9269}.Debug|Any CPU.ActiveCfg = Debug|Any CPU
		{75372585-1A24-4281-AF6B-2B5A639B9269}.Debug|Any CPU.Build.0 = Debug|Any CPU
		{75372585-1A24-4281-AF6B-2B5A639B9269}.Release|Any CPU.ActiveCfg = Release|Any CPU
		{75372585-1A24-4281-AF6B-2B5A639B9269}.Release|Any CPU.Build.0 = Release|Any CPU
	EndGlobalSection
	GlobalSection(SolutionProperties) = preSolution
		HideSolutionNode = FALSE
	EndGlobalSection
	GlobalSection(ExtensibilityGlobals) = postSolution
		SolutionGuid = {F0F60F0E-4BDC-4ABE-881A-1D6FAC20E5AC}
	EndGlobalSection
EndGlobal
